
Microsoft Visual Studio Solution File, Format Version 12.00
# Visual Studio Version 16
VisualStudioVersion = 16.0.30711.63
MinimumVisualStudioVersion = 10.0.40219.1
Project("{FAE04EC0-301F-11D3-BF4B-00C04F79EFBC}") = "WpfApp5", "WpfApp5\WpfApp5.csproj", "{75BF7328-CCDA-4640-9771-69F6B9381ED1}"
EndProject
Global
	GlobalSection(SolutionConfigurationPlatforms) = preSolution
		Debug|Any CPU = Debug|Any CPU
		Release|Any CPU = Release|Any CPU
	EndGlobalSection
	GlobalSection(ProjectConfigurationPlatforms) = postSolution
		{75BF7328-CCDA-4640-9771-69F6B9381ED1}.Debug|Any CPU.ActiveCfg = Debug|Any CPU
		{75BF7328-CCDA-4640-9771-69F6B9381ED1}.Debug|Any CPU.Build.0 = Debug|Any CPU
		{75BF7328-CCDA-4640-9771-69F6B9381ED1}.Release|Any CPU.ActiveCfg = Release|Any CPU
		{75BF7328-CCDA-4640-9771-69F6B9381ED1}.Release|Any CPU.Build.0 = Release|Any CPU
	EndGlobalSection
	GlobalSection(SolutionProperties) = preSolution
		HideSolutionNode = FALSE
	EndGlobalSection
	GlobalSection(ExtensibilityGlobals) = postSolution
		SolutionGuid = {F7E087B2-D3BB-42EC-B329-EC3012B7D00B}
	EndGlobalSection
EndGlobal
